
Microsoft Visual Studio Solution File, Format Version 11.00
# Visual Studio 2010
# SharpDevelop 5.1
Project("{FAE04EC0-301F-11D3-BF4B-00C04F79EFBC}") = "rev2", "rev2\rev2.csproj", "{D848CC5D-0713-43A3-868E-143B9D7A21C7}"
EndProject
Global
	GlobalSection(SolutionConfigurationPlatforms) = preSolution
		Debug|Any CPU = Debug|Any CPU
		Release|Any CPU = Release|Any CPU
	EndGlobalSection
	GlobalSection(ProjectConfigurationPlatforms) = postSolution
		{D848CC5D-0713-43A3-868E-143B9D7A21C7}.Debug|Any CPU.ActiveCfg = Debug|Any CPU
		{D848CC5D-0713-43A3-868E-143B9D7A21C7}.Debug|Any CPU.Build.0 = Debug|Any CPU
		{D848CC5D-0713-43A3-868E-143B9D7A21C7}.Release|Any CPU.ActiveCfg = Release|Any CPU
		{D848CC5D-0713-43A3-868E-143B9D7A21C7}.Release|Any CPU.Build.0 = Release|Any CPU
	EndGlobalSection
EndGlobal
